
Microsoft Visual Studio Solution File, Format Version 12.00
# Visual Studio Version 16
VisualStudioVersion = 16.0.30204.135
MinimumVisualStudioVersion = 10.0.40219.1
Project("{FAE04EC0-301F-11D3-BF4B-00C04F79EFBC}") = "Agreement", "Agreement.csproj", "{C65EEDFD-4F05-4F79-B931-F9306FA31863}"
EndProject
Global
	GlobalSection(SolutionConfigurationPlatforms) = preSolution
		Debug|Any CPU = Debug|Any CPU
		Release|Any CPU = Release|Any CPU
	EndGlobalSection
	GlobalSection(ProjectConfigurationPlatforms) = postSolution
		{C65EEDFD-4F05-4F79-B931-F9306FA31863}.Debug|Any CPU.ActiveCfg = Debug|Any CPU
		{C65EEDFD-4F05-4F79-B931-F9306FA31863}.Debug|Any CPU.Build.0 = Debug|Any CPU
		{C65EEDFD-4F05-4F79-B931-F9306FA31863}.Release|Any CPU.ActiveCfg = Release|Any CPU
		{C65EEDFD-4F05-4F79-B931-F9306FA31863}.Release|Any CPU.Build.0 = Release|Any CPU
	EndGlobalSection
	GlobalSection(SolutionProperties) = preSolution
		HideSolutionNode = FALSE
	EndGlobalSection
	GlobalSection(ExtensibilityGlobals) = postSolution
		SolutionGuid = {53E94DA0-DE59-4D6A-B6A4-AC3D80CC1FAD}
	EndGlobalSection
EndGlobal
